
Microsoft Visual Studio Solution File, Format Version 12.00
# Visual Studio 15
VisualStudioVersion = 15.0.28307.1259
MinimumVisualStudioVersion = 10.0.40219.1
Project("{FAE04EC0-301F-11D3-BF4B-00C04F79EFBC}") = "Practica2", "Practica2\Practica2.csproj", "{2DFB28A4-23A3-41CD-B2EC-ADE3B9FEA898}"
EndProject
Global
	GlobalSection(SolutionConfigurationPlatforms) = preSolution
		Debug|Any CPU = Debug|Any CPU
		Release|Any CPU = Release|Any CPU
	EndGlobalSection
	GlobalSection(ProjectConfigurationPlatforms) = postSolution
		{2DFB28A4-23A3-41CD-B2EC-ADE3B9FEA898}.Debug|Any CPU.ActiveCfg = Debug|Any CPU
		{2DFB28A4-23A3-41CD-B2EC-ADE3B9FEA898}.Debug|Any CPU.Build.0 = Debug|Any CPU
		{2DFB28A4-23A3-41CD-B2EC-ADE3B9FEA898}.Release|Any CPU.ActiveCfg = Release|Any CPU
		{2DFB28A4-23A3-41CD-B2EC-ADE3B9FEA898}.Release|Any CPU.Build.0 = Release|Any CPU
	EndGlobalSection
	GlobalSection(SolutionProperties) = preSolution
		HideSolutionNode = FALSE
	EndGlobalSection
	GlobalSection(ExtensibilityGlobals) = postSolution
		SolutionGuid = {7EAF409F-9FA5-4718-98A1-BF8223BB270C}
	EndGlobalSection
EndGlobal
